
Microsoft Visual Studio Solution File, Format Version 12.00
# Visual Studio Version 17
VisualStudioVersion = 17.12.35527.113 d17.12
MinimumVisualStudioVersion = 10.0.40219.1
Project("{FAE04EC0-301F-11D3-BF4B-00C04F79EFBC}") = "GitHubGetter", "GitHubGetter\GitHubGetter.csproj", "{3CB322F7-0217-41B2-B5CA-FEC48C17A0AA}"
EndProject
Global
	GlobalSection(SolutionConfigurationPlatforms) = preSolution
		Debug|Any CPU = Debug|Any CPU
		Release|Any CPU = Release|Any CPU
	EndGlobalSection
	GlobalSection(ProjectConfigurationPlatforms) = postSolution
		{3CB322F7-0217-41B2-B5CA-FEC48C17A0AA}.Debug|Any CPU.ActiveCfg = Debug|Any CPU
		{3CB322F7-0217-41B2-B5CA-FEC48C17A0AA}.Debug|Any CPU.Build.0 = Debug|Any CPU
		{3CB322F7-0217-41B2-B5CA-FEC48C17A0AA}.Release|Any CPU.ActiveCfg = Release|Any CPU
		{3CB322F7-0217-41B2-B5CA-FEC48C17A0AA}.Release|Any CPU.Build.0 = Release|Any CPU
	EndGlobalSection
	GlobalSection(SolutionProperties) = preSolution
		HideSolutionNode = FALSE
	EndGlobalSection
EndGlobal
